
Microsoft Visual Studio Solution File, Format Version 12.00
# Visual Studio Version 16
VisualStudioVersion = 25.0.1705.2
MinimumVisualStudioVersion = 10.0.40219.1
Project("{FAE04EC0-301F-11D3-BF4B-00C04F79EFBC}") = "VitosPizzeria", "VitosPizzeria\VitosPizzeria.csproj", "{0D63989B-DCE3-4270-8281-7EF0813E4FC1}"
EndProject
Global
	GlobalSection(SolutionConfigurationPlatforms) = preSolution
		Debug|Any CPU = Debug|Any CPU
		Release|Any CPU = Release|Any CPU
	EndGlobalSection
	GlobalSection(ProjectConfigurationPlatforms) = postSolution
		{0D63989B-DCE3-4270-8281-7EF0813E4FC1}.Debug|Any CPU.ActiveCfg = Debug|Any CPU
		{0D63989B-DCE3-4270-8281-7EF0813E4FC1}.Debug|Any CPU.Build.0 = Debug|Any CPU
		{0D63989B-DCE3-4270-8281-7EF0813E4FC1}.Release|Any CPU.ActiveCfg = Release|Any CPU
		{0D63989B-DCE3-4270-8281-7EF0813E4FC1}.Release|Any CPU.Build.0 = Release|Any CPU
	EndGlobalSection
	GlobalSection(SolutionProperties) = preSolution
		HideSolutionNode = FALSE
	EndGlobalSection
	GlobalSection(ExtensibilityGlobals) = postSolution
		SolutionGuid = {91C031A6-C5E0-41CC-B430-A543A22B3B88}
	EndGlobalSection
EndGlobal
